// !$*UTF8*$!
{
	archiveVersion = 1;
	classes = {
	};
	objectVersion = 46;
	objects = {

/* Begin PBXBuildFile section */
		626C842F17A4EC610024D105 /* CFNetwork.framework in Frameworks */ = {isa = PBXBuildFile; fileRef = 626C842E17A4EC610024D105 /* CFNetwork.framework */; };
		626C843117A4EC690024D105 /* CoreData.framework in Frameworks */ = {isa = PBXBuildFile; fileRef = 626C843017A4EC690024D105 /* CoreData.framework */; };
		626C843317A4EC6F0024D105 /* Security.framework in Frameworks */ = {isa = PBXBuildFile; fileRef = 626C843217A4EC6F0024D105 /* Security.framework */; };
		626C843517A4EC740024D105 /* MobileCoreServices.framework in Frameworks */ = {isa = PBXBuildFile; fileRef = 626C843417A4EC740024D105 /* MobileCoreServices.framework */; };
		626C843717A4EC860024D105 /* libRestKit.a in Frameworks */ = {isa = PBXBuildFile; fileRef = 626C842717A4E77A0024D105 /* libRestKit.a */; };
		626C844017A4EF290024D105 /* SystemConfiguration.framework in Frameworks */ = {isa = PBXBuildFile; fileRef = 626C843F17A4EF290024D105 /* SystemConfiguration.framework */; };
		626C844317A4F2000024D105 /* Activity.m in Sources */ = {isa = PBXBuildFile; fileRef = 626C844217A4F2000024D105 /* Activity.m */; };
		626C844617A58BCA0024D105 /* Roboto-Light.ttf in Resources */ = {isa = PBXBuildFile; fileRef = 626C844417A58BCA0024D105 /* Roboto-Light.ttf */; };
		626C844717A58BCA0024D105 /* Roboto-Regular.ttf in Resources */ = {isa = PBXBuildFile; fileRef = 626C844517A58BCA0024D105 /* Roboto-Regular.ttf */; };
		626C844917A624FD0024D105 /* CoreText.framework in Frameworks */ = {isa = PBXBuildFile; fileRef = 626C844817A624FD0024D105 /* CoreText.framework */; };
		626C847A17A77A310024D105 /* CreateActivityViewController.m in Sources */ = {isa = PBXBuildFile; fileRef = 626C847817A77A300024D105 /* CreateActivityViewController.m */; };
		626C847B17A77A310024D105 /* CreateActivityViewController.xib in Resources */ = {isa = PBXBuildFile; fileRef = 626C847917A77A310024D105 /* CreateActivityViewController.xib */; };
		626C848117A77F690024D105 /* addButton.png in Resources */ = {isa = PBXBuildFile; fileRef = 626C848017A77F690024D105 /* addButton.png */; };
		626C848417A785C10024D105 /* GlobalColors.m in Sources */ = {isa = PBXBuildFile; fileRef = 626C848317A785C10024D105 /* GlobalColors.m */; };
		62BD2F6717A884830010A1E9 /* FacebookSDK.framework in Frameworks */ = {isa = PBXBuildFile; fileRef = 62BD2F6617A884830010A1E9 /* FacebookSDK.framework */; };
		62BD2F6D17A886300010A1E9 /* LoginViewController.m in Sources */ = {isa = PBXBuildFile; fileRef = 62BD2F6B17A886300010A1E9 /* LoginViewController.m */; };
		62BD2F6E17A886300010A1E9 /* LoginViewController.xib in Resources */ = {isa = PBXBuildFile; fileRef = 62BD2F6C17A886300010A1E9 /* LoginViewController.xib */; };
		62BD2F7017A886E70010A1E9 /* lightGrey.png in Resources */ = {isa = PBXBuildFile; fileRef = 62BD2F6F17A886E70010A1E9 /* lightGrey.png */; };
		62BD2F7917A8BD2B0010A1E9 /* GlobalNetwork.m in Sources */ = {isa = PBXBuildFile; fileRef = 62BD2F7817A8BD2B0010A1E9 /* GlobalNetwork.m */; };
		62D6DEDC17A4C35D00EF920F /* UIKit.framework in Frameworks */ = {isa = PBXBuildFile; fileRef = 62D6DEDB17A4C35D00EF920F /* UIKit.framework */; };
		62D6DEDE17A4C35D00EF920F /* Foundation.framework in Frameworks */ = {isa = PBXBuildFile; fileRef = 62D6DEDD17A4C35D00EF920F /* Foundation.framework */; };
		62D6DEE017A4C35D00EF920F /* CoreGraphics.framework in Frameworks */ = {isa = PBXBuildFile; fileRef = 62D6DEDF17A4C35D00EF920F /* CoreGraphics.framework */; };
		62D6DEE617A4C35D00EF920F /* InfoPlist.strings in Resources */ = {isa = PBXBuildFile; fileRef = 62D6DEE417A4C35D00EF920F /* InfoPlist.strings */; };
		62D6DEE817A4C35D00EF920F /* main.m in Sources */ = {isa = PBXBuildFile; fileRef = 62D6DEE717A4C35D00EF920F /* main.m */; };
		62D6DEEC17A4C35D00EF920F /* AppDelegate.m in Sources */ = {isa = PBXBuildFile; fileRef = 62D6DEEB17A4C35D00EF920F /* AppDelegate.m */; };
		62D6DEEE17A4C35D00EF920F /* Default.png in Resources */ = {isa = PBXBuildFile; fileRef = 62D6DEED17A4C35D00EF920F /* Default.png */; };
		62D6DEF017A4C35D00EF920F /* Default@2x.png in Resources */ = {isa = PBXBuildFile; fileRef = 62D6DEEF17A4C35D00EF920F /* Default@2x.png */; };
		62D6DEF217A4C35D00EF920F /* Default-568h@2x.png in Resources */ = {isa = PBXBuildFile; fileRef = 62D6DEF117A4C35D00EF920F /* Default-568h@2x.png */; };
		62D6DEFB17A4C45E00EF920F /* red.png in Resources */ = {isa = PBXBuildFile; fileRef = 62D6DEF917A4C45E00EF920F /* red.png */; };
		62D6DF0117A4C4DC00EF920F /* ActivitesViewController.m in Sources */ = {isa = PBXBuildFile; fileRef = 62D6DF0017A4C4DC00EF920F /* ActivitesViewController.m */; };
		62D6DF0517A4C5A000EF920F /* ActivityTableCell.xib in Resources */ = {isa = PBXBuildFile; fileRef = 62D6DF0417A4C5A000EF920F /* ActivityTableCell.xib */; };
		62D6DF0817A4C5C100EF920F /* ActivityTableCell.m in Sources */ = {isa = PBXBuildFile; fileRef = 62D6DF0717A4C5C100EF920F /* ActivityTableCell.m */; };
		62D6DF0A17A4C5EE00EF920F /* placeholder.png in Resources */ = {isa = PBXBuildFile; fileRef = 62D6DF0917A4C5EE00EF920F /* placeholder.png */; };
/* End PBXBuildFile section */

/* Begin PBXContainerItemProxy section */
		626C842617A4E77A0024D105 /* PBXContainerItemProxy */ = {
			isa = PBXContainerItemProxy;
			containerPortal = 626C841F17A4E7790024D105 /* RestKit.xcodeproj */;
			proxyType = 2;
			remoteGlobalIDString = 25160D1614564E810060A5C5;
			remoteInfo = RestKit;
		};
		626C842817A4E77A0024D105 /* PBXContainerItemProxy */ = {
			isa = PBXContainerItemProxy;
			containerPortal = 626C841F17A4E7790024D105 /* RestKit.xcodeproj */;
			proxyType = 2;
			remoteGlobalIDString = 25160D2614564E820060A5C5;
			remoteInfo = RestKitTests;
		};
		626C842A17A4E77A0024D105 /* PBXContainerItemProxy */ = {
			isa = PBXContainerItemProxy;
			containerPortal = 626C841F17A4E7790024D105 /* RestKit.xcodeproj */;
			proxyType = 2;
			remoteGlobalIDString = 25160E62145651060060A5C5;
			remoteInfo = RestKitFramework;
		};
		626C842C17A4E77A0024D105 /* PBXContainerItemProxy */ = {
			isa = PBXContainerItemProxy;
			containerPortal = 626C841F17A4E7790024D105 /* RestKit.xcodeproj */;
			proxyType = 2;
			remoteGlobalIDString = 25160E78145651060060A5C5;
			remoteInfo = RestKitFrameworkTests;
		};
		626C843817A4ECBD0024D105 /* PBXContainerItemProxy */ = {
			isa = PBXContainerItemProxy;
			containerPortal = 626C841F17A4E7790024D105 /* RestKit.xcodeproj */;
			proxyType = 1;
			remoteGlobalIDString = 25160E61145651060060A5C5;
			remoteInfo = RestKitFramework;
		};
		626C843A17A4ECC40024D105 /* PBXContainerItemProxy */ = {
			isa = PBXContainerItemProxy;
			containerPortal = 626C841F17A4E7790024D105 /* RestKit.xcodeproj */;
			proxyType = 1;
			remoteGlobalIDString = 25160D1514564E810060A5C5;
			remoteInfo = RestKit;
		};
/* End PBXContainerItemProxy section */

/* Begin PBXFileReference section */
		626C841F17A4E7790024D105 /* RestKit.xcodeproj */ = {isa = PBXFileReference; lastKnownFileType = "wrapper.pb-project"; name = RestKit.xcodeproj; path = ../RestKit/RestKit.xcodeproj; sourceTree = "<group>"; };
		626C842E17A4EC610024D105 /* CFNetwork.framework */ = {isa = PBXFileReference; lastKnownFileType = wrapper.framework; name = CFNetwork.framework; path = System/Library/Frameworks/CFNetwork.framework; sourceTree = SDKROOT; };
		626C843017A4EC690024D105 /* CoreData.framework */ = {isa = PBXFileReference; lastKnownFileType = wrapper.framework; name = CoreData.framework; path = System/Library/Frameworks/CoreData.framework; sourceTree = SDKROOT; };
		626C843217A4EC6F0024D105 /* Security.framework */ = {isa = PBXFileReference; lastKnownFileType = wrapper.framework; name = Security.framework; path = System/Library/Frameworks/Security.framework; sourceTree = SDKROOT; };
		626C843417A4EC740024D105 /* MobileCoreServices.framework */ = {isa = PBXFileReference; lastKnownFileType = wrapper.framework; name = MobileCoreServices.framework; path = System/Library/Frameworks/MobileCoreServices.framework; sourceTree = SDKROOT; };
		626C843F17A4EF290024D105 /* SystemConfiguration.framework */ = {isa = PBXFileReference; lastKnownFileType = wrapper.framework; name = SystemConfiguration.framework; path = System/Library/Frameworks/SystemConfiguration.framework; sourceTree = SDKROOT; };
		626C844117A4F2000024D105 /* Activity.h */ = {isa = PBXFileReference; fileEncoding = 4; lastKnownFileType = sourcecode.c.h; path = Activity.h; sourceTree = "<group>"; };
		626C844217A4F2000024D105 /* Activity.m */ = {isa = PBXFileReference; fileEncoding = 4; lastKnownFileType = sourcecode.c.objc; path = Activity.m; sourceTree = "<group>"; };
		626C844417A58BCA0024D105 /* Roboto-Light.ttf */ = {isa = PBXFileReference; lastKnownFileType = file; path = "Roboto-Light.ttf"; sourceTree = "<group>"; };
		626C844517A58BCA0024D105 /* Roboto-Regular.ttf */ = {isa = PBXFileReference; lastKnownFileType = file; path = "Roboto-Regular.ttf"; sourceTree = "<group>"; };
		626C844817A624FD0024D105 /* CoreText.framework */ = {isa = PBXFileReference; lastKnownFileType = wrapper.framework; name = CoreText.framework; path = System/Library/Frameworks/CoreText.framework; sourceTree = SDKROOT; };
		626C847717A77A300024D105 /* CreateActivityViewController.h */ = {isa = PBXFileReference; fileEncoding = 4; lastKnownFileType = sourcecode.c.h; path = CreateActivityViewController.h; sourceTree = "<group>"; };
		626C847817A77A300024D105 /* CreateActivityViewController.m */ = {isa = PBXFileReference; fileEncoding = 4; lastKnownFileType = sourcecode.c.objc; path = CreateActivityViewController.m; sourceTree = "<group>"; };
		626C847917A77A310024D105 /* CreateActivityViewController.xib */ = {isa = PBXFileReference; fileEncoding = 4; lastKnownFileType = file.xib; path = CreateActivityViewController.xib; sourceTree = "<group>"; };
		626C848017A77F690024D105 /* addButton.png */ = {isa = PBXFileReference; lastKnownFileType = image.png; path = addButton.png; sourceTree = "<group>"; };
		626C848217A785C10024D105 /* GlobalColors.h */ = {isa = PBXFileReference; fileEncoding = 4; lastKnownFileType = sourcecode.c.h; path = GlobalColors.h; sourceTree = "<group>"; };
		626C848317A785C10024D105 /* GlobalColors.m */ = {isa = PBXFileReference; fileEncoding = 4; lastKnownFileType = sourcecode.c.objc; path = GlobalColors.m; sourceTree = "<group>"; };
		62BD2F6617A884830010A1E9 /* FacebookSDK.framework */ = {isa = PBXFileReference; lastKnownFileType = wrapper.framework; path = FacebookSDK.framework; sourceTree = "<group>"; };
		62BD2F6A17A886300010A1E9 /* LoginViewController.h */ = {isa = PBXFileReference; fileEncoding = 4; lastKnownFileType = sourcecode.c.h; path = LoginViewController.h; sourceTree = "<group>"; };
		62BD2F6B17A886300010A1E9 /* LoginViewController.m */ = {isa = PBXFileReference; fileEncoding = 4; lastKnownFileType = sourcecode.c.objc; path = LoginViewController.m; sourceTree = "<group>"; };
		62BD2F6C17A886300010A1E9 /* LoginViewController.xib */ = {isa = PBXFileReference; fileEncoding = 4; lastKnownFileType = file.xib; path = LoginViewController.xib; sourceTree = "<group>"; };
		62BD2F6F17A886E70010A1E9 /* lightGrey.png */ = {isa = PBXFileReference; lastKnownFileType = image.png; path = lightGrey.png; sourceTree = "<group>"; };
		62BD2F7717A8BD2B0010A1E9 /* GlobalNetwork.h */ = {isa = PBXFileReference; fileEncoding = 4; lastKnownFileType = sourcecode.c.h; path = GlobalNetwork.h; sourceTree = "<group>"; };
		62BD2F7817A8BD2B0010A1E9 /* GlobalNetwork.m */ = {isa = PBXFileReference; fileEncoding = 4; lastKnownFileType = sourcecode.c.objc; path = GlobalNetwork.m; sourceTree = "<group>"; };
		62D6DED817A4C35D00EF920F /* Activities.app */ = {isa = PBXFileReference; explicitFileType = wrapper.application; includeInIndex = 0; path = Activities.app; sourceTree = BUILT_PRODUCTS_DIR; };
		62D6DEDB17A4C35D00EF920F /* UIKit.framework */ = {isa = PBXFileReference; lastKnownFileType = wrapper.framework; name = UIKit.framework; path = System/Library/Frameworks/UIKit.framework; sourceTree = SDKROOT; };
		62D6DEDD17A4C35D00EF920F /* Foundation.framework */ = {isa = PBXFileReference; lastKnownFileType = wrapper.framework; name = Foundation.framework; path = System/Library/Frameworks/Foundation.framework; sourceTree = SDKROOT; };
		62D6DEDF17A4C35D00EF920F /* CoreGraphics.framework */ = {isa = PBXFileReference; lastKnownFileType = wrapper.framework; name = CoreGraphics.framework; path = System/Library/Frameworks/CoreGraphics.framework; sourceTree = SDKROOT; };
		62D6DEE317A4C35D00EF920F /* Activities-Info.plist */ = {isa = PBXFileReference; lastKnownFileType = text.plist.xml; path = "Activities-Info.plist"; sourceTree = "<group>"; };
		62D6DEE517A4C35D00EF920F /* en */ = {isa = PBXFileReference; lastKnownFileType = text.plist.strings; name = en; path = en.lproj/InfoPlist.strings; sourceTree = "<group>"; };
		62D6DEE717A4C35D00EF920F /* main.m */ = {isa = PBXFileReference; lastKnownFileType = sourcecode.c.objc; path = main.m; sourceTree = "<group>"; };
		62D6DEE917A4C35D00EF920F /* Activities-Prefix.pch */ = {isa = PBXFileReference; lastKnownFileType = sourcecode.c.h; path = "Activities-Prefix.pch"; sourceTree = "<group>"; };
		62D6DEEA17A4C35D00EF920F /* AppDelegate.h */ = {isa = PBXFileReference; lastKnownFileType = sourcecode.c.h; path = AppDelegate.h; sourceTree = "<group>"; };
		62D6DEEB17A4C35D00EF920F /* AppDelegate.m */ = {isa = PBXFileReference; lastKnownFileType = sourcecode.c.objc; path = AppDelegate.m; sourceTree = "<group>"; };
		62D6DEED17A4C35D00EF920F /* Default.png */ = {isa = PBXFileReference; lastKnownFileType = image.png; path = Default.png; sourceTree = "<group>"; };
		62D6DEEF17A4C35D00EF920F /* Default@2x.png */ = {isa = PBXFileReference; lastKnownFileType = image.png; path = "Default@2x.png"; sourceTree = "<group>"; };
		62D6DEF117A4C35D00EF920F /* Default-568h@2x.png */ = {isa = PBXFileReference; lastKnownFileType = image.png; path = "Default-568h@2x.png"; sourceTree = "<group>"; };
		62D6DEF917A4C45E00EF920F /* red.png */ = {isa = PBXFileReference; lastKnownFileType = image.png; path = red.png; sourceTree = "<group>"; };
		62D6DEFF17A4C4DC00EF920F /* ActivitesViewController.h */ = {isa = PBXFileReference; fileEncoding = 4; lastKnownFileType = sourcecode.c.h; path = ActivitesViewController.h; sourceTree = "<group>"; };
		62D6DF0017A4C4DC00EF920F /* ActivitesViewController.m */ = {isa = PBXFileReference; fileEncoding = 4; lastKnownFileType = sourcecode.c.objc; path = ActivitesViewController.m; sourceTree = "<group>"; };
		62D6DF0417A4C5A000EF920F /* ActivityTableCell.xib */ = {isa = PBXFileReference; fileEncoding = 4; lastKnownFileType = file.xib; path = ActivityTableCell.xib; sourceTree = "<group>"; };
		62D6DF0617A4C5C100EF920F /* ActivityTableCell.h */ = {isa = PBXFileReference; fileEncoding = 4; lastKnownFileType = sourcecode.c.h; path = ActivityTableCell.h; sourceTree = "<group>"; };
		62D6DF0717A4C5C100EF920F /* ActivityTableCell.m */ = {isa = PBXFileReference; fileEncoding = 4; lastKnownFileType = sourcecode.c.objc; path = ActivityTableCell.m; sourceTree = "<group>"; };
		62D6DF0917A4C5EE00EF920F /* placeholder.png */ = {isa = PBXFileReference; lastKnownFileType = image.png; path = placeholder.png; sourceTree = "<group>"; };
/* End PBXFileReference section */

/* Begin PBXFrameworksBuildPhase section */
		62D6DED517A4C35D00EF920F /* Frameworks */ = {
			isa = PBXFrameworksBuildPhase;
			buildActionMask = 2147483647;
			files = (
				626C844917A624FD0024D105 /* CoreText.framework in Frameworks */,
				626C844017A4EF290024D105 /* SystemConfiguration.framework in Frameworks */,
				626C843717A4EC860024D105 /* libRestKit.a in Frameworks */,
				626C843517A4EC740024D105 /* MobileCoreServices.framework in Frameworks */,
				626C843317A4EC6F0024D105 /* Security.framework in Frameworks */,
				626C843117A4EC690024D105 /* CoreData.framework in Frameworks */,
				626C842F17A4EC610024D105 /* CFNetwork.framework in Frameworks */,
				62D6DEDC17A4C35D00EF920F /* UIKit.framework in Frameworks */,
				62D6DEDE17A4C35D00EF920F /* Foundation.framework in Frameworks */,
				62D6DEE017A4C35D00EF920F /* CoreGraphics.framework in Frameworks */,
				62BD2F6717A884830010A1E9 /* FacebookSDK.framework in Frameworks */,
			);
			runOnlyForDeploymentPostprocessing = 0;
		};
/* End PBXFrameworksBuildPhase section */

/* Begin PBXGroup section */
		626C842017A4E7790024D105 /* Products */ = {
			isa = PBXGroup;
			children = (
				626C842717A4E77A0024D105 /* libRestKit.a */,
				626C842917A4E77A0024D105 /* RestKitTests.octest */,
				626C842B17A4E77A0024D105 /* RestKit.framework */,
				626C842D17A4E77A0024D105 /* RestKitFrameworkTests.octest */,
			);
			name = Products;
			sourceTree = "<group>";
		};
		62BD2F7117A894E70010A1E9 /* Model */ = {
			isa = PBXGroup;
			children = (
				626C844117A4F2000024D105 /* Activity.h */,
				626C844217A4F2000024D105 /* Activity.m */,
			);
			name = Model;
			sourceTree = "<group>";
		};
		62BD2F7317A895120010A1E9 /* ViewsControllers */ = {
			isa = PBXGroup;
			children = (
				62D6DEFF17A4C4DC00EF920F /* ActivitesViewController.h */,
				62D6DF0017A4C4DC00EF920F /* ActivitesViewController.m */,
				62D6DF0417A4C5A000EF920F /* ActivityTableCell.xib */,
				62D6DF0617A4C5C100EF920F /* ActivityTableCell.h */,
				62D6DF0717A4C5C100EF920F /* ActivityTableCell.m */,
				626C847717A77A300024D105 /* CreateActivityViewController.h */,
				626C847817A77A300024D105 /* CreateActivityViewController.m */,
				626C847917A77A310024D105 /* CreateActivityViewController.xib */,
				62BD2F6A17A886300010A1E9 /* LoginViewController.h */,
				62BD2F6B17A886300010A1E9 /* LoginViewController.m */,
				62BD2F6C17A886300010A1E9 /* LoginViewController.xib */,
			);
			name = ViewsControllers;
			sourceTree = "<group>";
		};
		62BD2F7417A895320010A1E9 /* Graphics */ = {
			isa = PBXGroup;
			children = (
				62D6DEF917A4C45E00EF920F /* red.png */,
				62BD2F6F17A886E70010A1E9 /* lightGrey.png */,
				626C848017A77F690024D105 /* addButton.png */,
			);
			name = Graphics;
			sourceTree = "<group>";
		};
		62BD2F7517A8953B0010A1E9 /* Fonts */ = {
			isa = PBXGroup;
			children = (
				626C844417A58BCA0024D105 /* Roboto-Light.ttf */,
				626C844517A58BCA0024D105 /* Roboto-Regular.ttf */,
			);
			name = Fonts;
			sourceTree = "<group>";
		};
		62BD2F7617A8BD1C0010A1E9 /* Network */ = {
			isa = PBXGroup;
			children = (
				62BD2F7717A8BD2B0010A1E9 /* GlobalNetwork.h */,
				62BD2F7817A8BD2B0010A1E9 /* GlobalNetwork.m */,
			);
			name = Network;
			sourceTree = "<group>";
		};
		62D6DECF17A4C35C00EF920F = {
			isa = PBXGroup;
			children = (
				62D6DEE117A4C35D00EF920F /* Activities */,
				62D6DEDA17A4C35D00EF920F /* Frameworks */,
				62D6DED917A4C35D00EF920F /* Products */,
			);
			sourceTree = "<group>";
		};
		62D6DED917A4C35D00EF920F /* Products */ = {
			isa = PBXGroup;
			children = (
				62D6DED817A4C35D00EF920F /* Activities.app */,
			);
			name = Products;
			sourceTree = "<group>";
		};
		62D6DEDA17A4C35D00EF920F /* Frameworks */ = {
			isa = PBXGroup;
			children = (
				626C841F17A4E7790024D105 /* RestKit.xcodeproj */,
				62BD2F6617A884830010A1E9 /* FacebookSDK.framework */,
				626C844817A624FD0024D105 /* CoreText.framework */,
				626C843F17A4EF290024D105 /* SystemConfiguration.framework */,
				626C843417A4EC740024D105 /* MobileCoreServices.framework */,
				626C843217A4EC6F0024D105 /* Security.framework */,
				626C843017A4EC690024D105 /* CoreData.framework */,
				626C842E17A4EC610024D105 /* CFNetwork.framework */,
				62D6DEDB17A4C35D00EF920F /* UIKit.framework */,
				62D6DEDD17A4C35D00EF920F /* Foundation.framework */,
				62D6DEDF17A4C35D00EF920F /* CoreGraphics.framework */,
			);
			name = Frameworks;
			sourceTree = "<group>";
		};
		62D6DEE117A4C35D00EF920F /* Activities */ = {
			isa = PBXGroup;
			children = (
				62D6DEEA17A4C35D00EF920F /* AppDelegate.h */,
				62D6DEEB17A4C35D00EF920F /* AppDelegate.m */,
				62BD2F7617A8BD1C0010A1E9 /* Network */,
				62BD2F7117A894E70010A1E9 /* Model */,
				62BD2F7317A895120010A1E9 /* ViewsControllers */,
				62D6DEE217A4C35D00EF920F /* Supporting Files */,
			);
			path = Activities;
			sourceTree = "<group>";
		};
		62D6DEE217A4C35D00EF920F /* Supporting Files */ = {
			isa = PBXGroup;
			children = (
				62D6DF0917A4C5EE00EF920F /* placeholder.png */,
				62D6DEE317A4C35D00EF920F /* Activities-Info.plist */,
				62D6DEE417A4C35D00EF920F /* InfoPlist.strings */,
				62D6DEE717A4C35D00EF920F /* main.m */,
				62D6DEE917A4C35D00EF920F /* Activities-Prefix.pch */,
				62D6DEED17A4C35D00EF920F /* Default.png */,
				62D6DEEF17A4C35D00EF920F /* Default@2x.png */,
				62D6DEF117A4C35D00EF920F /* Default-568h@2x.png */,
				626C848217A785C10024D105 /* GlobalColors.h */,
				626C848317A785C10024D105 /* GlobalColors.m */,
				62BD2F7517A8953B0010A1E9 /* Fonts */,
				62BD2F7417A895320010A1E9 /* Graphics */,
			);
			name = "Supporting Files";
			sourceTree = "<group>";
		};
/* End PBXGroup section */

/* Begin PBXNativeTarget section */
		62D6DED717A4C35D00EF920F /* Activities */ = {
			isa = PBXNativeTarget;
			buildConfigurationList = 62D6DEF517A4C35D00EF920F /* Build configuration list for PBXNativeTarget "Activities" */;
			buildPhases = (
				62D6DED417A4C35D00EF920F /* Sources */,
				62D6DED517A4C35D00EF920F /* Frameworks */,
				62D6DED617A4C35D00EF920F /* Resources */,
			);
			buildRules = (
			);
			dependencies = (
				626C843B17A4ECC40024D105 /* PBXTargetDependency */,
				626C843917A4ECBD0024D105 /* PBXTargetDependency */,
			);
			name = Activities;
			productName = Activities;
			productReference = 62D6DED817A4C35D00EF920F /* Activities.app */;
			productType = "com.apple.product-type.application";
		};
/* End PBXNativeTarget section */

/* Begin PBXProject section */
		62D6DED017A4C35C00EF920F /* Project object */ = {
			isa = PBXProject;
			attributes = {
				LastUpgradeCheck = 0460;
				ORGANIZATIONNAME = "A&O";
			};
			buildConfigurationList = 62D6DED317A4C35C00EF920F /* Build configuration list for PBXProject "Activities" */;
			compatibilityVersion = "Xcode 3.2";
			developmentRegion = English;
			hasScannedForEncodings = 0;
			knownRegions = (
				en,
			);
			mainGroup = 62D6DECF17A4C35C00EF920F;
			productRefGroup = 62D6DED917A4C35D00EF920F /* Products */;
			projectDirPath = "";
			projectReferences = (
				{
					ProductGroup = 626C842017A4E7790024D105 /* Products */;
					ProjectRef = 626C841F17A4E7790024D105 /* RestKit.xcodeproj */;
				},
			);
			projectRoot = "";
			targets = (
				62D6DED717A4C35D00EF920F /* Activities */,
			);
		};
/* End PBXProject section */

/* Begin PBXReferenceProxy section */
		626C842717A4E77A0024D105 /* libRestKit.a */ = {
			isa = PBXReferenceProxy;
			fileType = archive.ar;
			path = libRestKit.a;
			remoteRef = 626C842617A4E77A0024D105 /* PBXContainerItemProxy */;
			sourceTree = BUILT_PRODUCTS_DIR;
		};
		626C842917A4E77A0024D105 /* RestKitTests.octest */ = {
			isa = PBXReferenceProxy;
			fileType = wrapper.cfbundle;
			path = RestKitTests.octest;
			remoteRef = 626C842817A4E77A0024D105 /* PBXContainerItemProxy */;
			sourceTree = BUILT_PRODUCTS_DIR;
		};
		626C842B17A4E77A0024D105 /* RestKit.framework */ = {
			isa = PBXReferenceProxy;
			fileType = wrapper.framework;
			path = RestKit.framework;
			remoteRef = 626C842A17A4E77A0024D105 /* PBXContainerItemProxy */;
			sourceTree = BUILT_PRODUCTS_DIR;
		};
		626C842D17A4E77A0024D105 /* RestKitFrameworkTests.octest */ = {
			isa = PBXReferenceProxy;
			fileType = wrapper.cfbundle;
			path = RestKitFrameworkTests.octest;
			remoteRef = 626C842C17A4E77A0024D105 /* PBXContainerItemProxy */;
			sourceTree = BUILT_PRODUCTS_DIR;
		};
/* End PBXReferenceProxy section */

/* Begin PBXResourcesBuildPhase section */
		62D6DED617A4C35D00EF920F /* Resources */ = {
			isa = PBXResourcesBuildPhase;
			buildActionMask = 2147483647;
			files = (
				62D6DEE617A4C35D00EF920F /* InfoPlist.strings in Resources */,
				62D6DEEE17A4C35D00EF920F /* Default.png in Resources */,
				62D6DEF017A4C35D00EF920F /* Default@2x.png in Resources */,
				62D6DEF217A4C35D00EF920F /* Default-568h@2x.png in Resources */,
				62D6DEFB17A4C45E00EF920F /* red.png in Resources */,
				62D6DF0517A4C5A000EF920F /* ActivityTableCell.xib in Resources */,
				62D6DF0A17A4C5EE00EF920F /* placeholder.png in Resources */,
				626C844617A58BCA0024D105 /* Roboto-Light.ttf in Resources */,
				626C844717A58BCA0024D105 /* Roboto-Regular.ttf in Resources */,
				626C847B17A77A310024D105 /* CreateActivityViewController.xib in Resources */,
				626C848117A77F690024D105 /* addButton.png in Resources */,
				62BD2F6E17A886300010A1E9 /* LoginViewController.xib in Resources */,
				62BD2F7017A886E70010A1E9 /* lightGrey.png in Resources */,
			);
			runOnlyForDeploymentPostprocessing = 0;
		};
/* End PBXResourcesBuildPhase section */

/* Begin PBXSourcesBuildPhase section */
		62D6DED417A4C35D00EF920F /* Sources */ = {
			isa = PBXSourcesBuildPhase;
			buildActionMask = 2147483647;
			files = (
				62D6DEE817A4C35D00EF920F /* main.m in Sources */,
				62D6DEEC17A4C35D00EF920F /* AppDelegate.m in Sources */,
				62D6DF0117A4C4DC00EF920F /* ActivitesViewController.m in Sources */,
				62D6DF0817A4C5C100EF920F /* ActivityTableCell.m in Sources */,
				626C844317A4F2000024D105 /* Activity.m in Sources */,
				626C847A17A77A310024D105 /* CreateActivityViewController.m in Sources */,
				626C848417A785C10024D105 /* GlobalColors.m in Sources */,
				62BD2F6D17A886300010A1E9 /* LoginViewController.m in Sources */,
				62BD2F7917A8BD2B0010A1E9 /* GlobalNetwork.m in Sources */,
			);
			runOnlyForDeploymentPostprocessing = 0;
		};
/* End PBXSourcesBuildPhase section */

/* Begin PBXTargetDependency section */
		626C843917A4ECBD0024D105 /* PBXTargetDependency */ = {
			isa = PBXTargetDependency;
			name = RestKitFramework;
			targetProxy = 626C843817A4ECBD0024D105 /* PBXContainerItemProxy */;
		};
		626C843B17A4ECC40024D105 /* PBXTargetDependency */ = {
			isa = PBXTargetDependency;
			name = RestKit;
			targetProxy = 626C843A17A4ECC40024D105 /* PBXContainerItemProxy */;
		};
/* End PBXTargetDependency section */

/* Begin PBXVariantGroup section */
		62D6DEE417A4C35D00EF920F /* InfoPlist.strings */ = {
			isa = PBXVariantGroup;
			children = (
				62D6DEE517A4C35D00EF920F /* en */,
			);
			name = InfoPlist.strings;
			sourceTree = "<group>";
		};
/* End PBXVariantGroup section */

/* Begin XCBuildConfiguration section */
		62D6DEF317A4C35D00EF920F /* Debug */ = {
			isa = XCBuildConfiguration;
			buildSettings = {
				ALWAYS_SEARCH_USER_PATHS = NO;
				CLANG_CXX_LANGUAGE_STANDARD = "gnu++0x";
				CLANG_CXX_LIBRARY = "libc++";
				CLANG_ENABLE_OBJC_ARC = YES;
				CLANG_WARN_CONSTANT_CONVERSION = YES;
				CLANG_WARN_EMPTY_BODY = YES;
				CLANG_WARN_ENUM_CONVERSION = YES;
				CLANG_WARN_INT_CONVERSION = YES;
				CLANG_WARN__DUPLICATE_METHOD_MATCH = YES;
				"CODE_SIGN_IDENTITY[sdk=iphoneos*]" = "iPhone Developer";
				COPY_PHASE_STRIP = NO;
				GCC_C_LANGUAGE_STANDARD = gnu99;
				GCC_DYNAMIC_NO_PIC = NO;
				GCC_OPTIMIZATION_LEVEL = 0;
				GCC_PREPROCESSOR_DEFINITIONS = (
					"DEBUG=1",
					"$(inherited)",
				);
				GCC_SYMBOLS_PRIVATE_EXTERN = NO;
				GCC_WARN_ABOUT_RETURN_TYPE = YES;
				GCC_WARN_UNINITIALIZED_AUTOS = YES;
				GCC_WARN_UNUSED_VARIABLE = YES;
				HEADER_SEARCH_PATHS = "\"$(BUILT_PRODUCTS_DIR)/../../Headers\"";
				IPHONEOS_DEPLOYMENT_TARGET = 6.1;
				ONLY_ACTIVE_ARCH = YES;
				OTHER_LDFLAGS = (
					"-ObjC",
					"-all_load",
				);
				SDKROOT = iphoneos;
			};
			name = Debug;
		};
		62D6DEF417A4C35D00EF920F /* Release */ = {
			isa = XCBuildConfiguration;
			buildSettings = {
				ALWAYS_SEARCH_USER_PATHS = NO;
				CLANG_CXX_LANGUAGE_STANDARD = "gnu++0x";
				CLANG_CXX_LIBRARY = "libc++";
				CLANG_ENABLE_OBJC_ARC = YES;
				CLANG_WARN_CONSTANT_CONVERSION = YES;
				CLANG_WARN_EMPTY_BODY = YES;
				CLANG_WARN_ENUM_CONVERSION = YES;
				CLANG_WARN_INT_CONVERSION = YES;
				CLANG_WARN__DUPLICATE_METHOD_MATCH = YES;
				"CODE_SIGN_IDENTITY[sdk=iphoneos*]" = "iPhone Developer";
				COPY_PHASE_STRIP = YES;
				GCC_C_LANGUAGE_STANDARD = gnu99;
				GCC_WARN_ABOUT_RETURN_TYPE = YES;
				GCC_WARN_UNINITIALIZED_AUTOS = YES;
				GCC_WARN_UNUSED_VARIABLE = YES;
				HEADER_SEARCH_PATHS = "\"$(BUILT_PRODUCTS_DIR)/../../Headers\"";
				IPHONEOS_DEPLOYMENT_TARGET = 6.1;
				OTHER_CFLAGS = "-DNS_BLOCK_ASSERTIONS=1";
				OTHER_LDFLAGS = (
					"-ObjC",
					"-all_load",
				);
				SDKROOT = iphoneos;
				VALIDATE_PRODUCT = YES;
			};
			name = Release;
		};
		62D6DEF617A4C35D00EF920F /* Debug */ = {
			isa = XCBuildConfiguration;
			buildSettings = {
				FRAMEWORK_SEARCH_PATHS = (
					"$(inherited)",
					"\"$(SRCROOT)\"",
				);
				GCC_PRECOMPILE_PREFIX_HEADER = YES;
				GCC_PREFIX_HEADER = "Activities/Activities-Prefix.pch";
				INFOPLIST_FILE = "Activities/Activities-Info.plist";
				PRODUCT_NAME = "$(TARGET_NAME)";
				WRAPPER_EXTENSION = app;
			};
			name = Debug;
		};
		62D6DEF717A4C35D00EF920F /* Release */ = {
			isa = XCBuildConfiguration;
			buildSettings = {
				FRAMEWORK_SEARCH_PATHS = (
					"$(inherited)",
					"\"$(SRCROOT)\"",
				);
				GCC_PRECOMPILE_PREFIX_HEADER = YES;
				GCC_PREFIX_HEADER = "Activities/Activities-Prefix.pch";
				INFOPLIST_FILE = "Activities/Activities-Info.plist";
				PRODUCT_NAME = "$(TARGET_NAME)";
				WRAPPER_EXTENSION = app;
			};
			name = Release;
		};
/* End XCBuildConfiguration section */

/* Begin XCConfigurationList section */
		62D6DED317A4C35C00EF920F /* Build configuration list for PBXProject "Activities" */ = {
			isa = XCConfigurationList;
			buildConfigurations = (
				62D6DEF317A4C35D00EF920F /* Debug */,
				62D6DEF417A4C35D00EF920F /* Release */,
			);
			defaultConfigurationIsVisible = 0;
			defaultConfigurationName = Release;
		};
		62D6DEF517A4C35D00EF920F /* Build configuration list for PBXNativeTarget "Activities" */ = {
			isa = XCConfigurationList;
			buildConfigurations = (
				62D6DEF617A4C35D00EF920F /* Debug */,
				62D6DEF717A4C35D00EF920F /* Release */,
			);
			defaultConfigurationIsVisible = 0;
			defaultConfigurationName = Release;
		};
/* End XCConfigurationList section */
	};
	rootObject = 62D6DED017A4C35C00EF920F /* Project object */;
}
